
Microsoft Visual Studio Solution File, Format Version 12.00
# Visual Studio Version 16
VisualStudioVersion = 16.0.29324.140
MinimumVisualStudioVersion = 10.0.40219.1
Project("{9A19103F-16F7-4668-BE54-9A1E7A4F7556}") = "Utils.EntityFramework", "Utils.EntityFramework\Utils.EntityFramework.csproj", "{E70D56F3-57F5-4C7A-9061-8194899605CB}"
EndProject
Project("{FAE04EC0-301F-11D3-BF4B-00C04F79EFBC}") = "Test", "Test\Test.csproj", "{02B1178F-912A-4DC8-A932-121B78A49F22}"
EndProject
Global
	GlobalSection(SolutionConfigurationPlatforms) = preSolution
		Debug|Any CPU = Debug|Any CPU
		Release|Any CPU = Release|Any CPU
	EndGlobalSection
	GlobalSection(ProjectConfigurationPlatforms) = postSolution
		{E70D56F3-57F5-4C7A-9061-8194899605CB}.Debug|Any CPU.ActiveCfg = Debug|Any CPU
		{E70D56F3-57F5-4C7A-9061-8194899605CB}.Debug|Any CPU.Build.0 = Debug|Any CPU
		{E70D56F3-57F5-4C7A-9061-8194899605CB}.Release|Any CPU.ActiveCfg = Release|Any CPU
		{E70D56F3-57F5-4C7A-9061-8194899605CB}.Release|Any CPU.Build.0 = Release|Any CPU
		{02B1178F-912A-4DC8-A932-121B78A49F22}.Debug|Any CPU.ActiveCfg = Debug|Any CPU
		{02B1178F-912A-4DC8-A932-121B78A49F22}.Debug|Any CPU.Build.0 = Debug|Any CPU
		{02B1178F-912A-4DC8-A932-121B78A49F22}.Release|Any CPU.ActiveCfg = Release|Any CPU
		{02B1178F-912A-4DC8-A932-121B78A49F22}.Release|Any CPU.Build.0 = Release|Any CPU
	EndGlobalSection
	GlobalSection(SolutionProperties) = preSolution
		HideSolutionNode = FALSE
	EndGlobalSection
	GlobalSection(ExtensibilityGlobals) = postSolution
		SolutionGuid = {EE7B7105-D5A1-4788-8B24-35429381E5E2}
	EndGlobalSection
EndGlobal
